// !$*UTF8*$!
{
	archiveVersion = 1;
	classes = {
	};
	objectVersion = 56;
	objects = {

/* Begin PBXBuildFile section */
		79372A1F29FC1130004FE219 /* WavesApp.swift in Sources */ = {isa = PBXBuildFile; fileRef = 79372A1E29FC1130004FE219 /* WavesApp.swift */; };
		79372A2129FC1130004FE219 /* ContentView.swift in Sources */ = {isa = PBXBuildFile; fileRef = 79372A2029FC1130004FE219 /* ContentView.swift */; };
		79372A2329FC1132004FE219 /* Assets.xcassets in Resources */ = {isa = PBXBuildFile; fileRef = 79372A2229FC1132004FE219 /* Assets.xcassets */; };
		79372A2629FC1132004FE219 /* Preview Assets.xcassets in Resources */ = {isa = PBXBuildFile; fileRef = 79372A2529FC1132004FE219 /* Preview Assets.xcassets */; };
		79372A3029FC1133004FE219 /* WavesTests.swift in Sources */ = {isa = PBXBuildFile; fileRef = 79372A2F29FC1133004FE219 /* WavesTests.swift */; };
		79372A3A29FC1133004FE219 /* WavesUITests.swift in Sources */ = {isa = PBXBuildFile; fileRef = 79372A3929FC1133004FE219 /* WavesUITests.swift */; };
		79372A3C29FC1133004FE219 /* WavesUITestsLaunchTests.swift in Sources */ = {isa = PBXBuildFile; fileRef = 79372A3B29FC1133004FE219 /* WavesUITestsLaunchTests.swift */; };
		79372A4A29FC11BB004FE219 /* RenderView.swift in Sources */ = {isa = PBXBuildFile; fileRef = 79372A4929FC11BB004FE219 /* RenderView.swift */; };
		79372A4C29FC1200004FE219 /* RenderViewController.swift in Sources */ = {isa = PBXBuildFile; fileRef = 79372A4B29FC1200004FE219 /* RenderViewController.swift */; };
		79372A4E29FC1263004FE219 /* RenderDelegate.swift in Sources */ = {isa = PBXBuildFile; fileRef = 79372A4D29FC1263004FE219 /* RenderDelegate.swift */; };
		79372A5029FC1279004FE219 /* Renderer.swift in Sources */ = {isa = PBXBuildFile; fileRef = 79372A4F29FC1279004FE219 /* Renderer.swift */; };
		79372A5229FC13FD004FE219 /* MetalView.swift in Sources */ = {isa = PBXBuildFile; fileRef = 79372A5129FC13FD004FE219 /* MetalView.swift */; };
		79372A5429FC20A3004FE219 /* Errors.swift in Sources */ = {isa = PBXBuildFile; fileRef = 79372A5329FC20A3004FE219 /* Errors.swift */; };
		79372A5629FC2472004FE219 /* Shaders.metal in Sources */ = {isa = PBXBuildFile; fileRef = 79372A5529FC2472004FE219 /* Shaders.metal */; };
		79372A5829FD6DC4004FE219 /* InputTexture.swift in Sources */ = {isa = PBXBuildFile; fileRef = 79372A5729FD6DC4004FE219 /* InputTexture.swift */; };
		79372A5A29FD716E004FE219 /* Rectangle.swift in Sources */ = {isa = PBXBuildFile; fileRef = 79372A5929FD716E004FE219 /* Rectangle.swift */; };
/* End PBXBuildFile section */

/* Begin PBXContainerItemProxy section */
		79372A2C29FC1133004FE219 /* PBXContainerItemProxy */ = {
			isa = PBXContainerItemProxy;
			containerPortal = 79372A1329FC1130004FE219 /* Project object */;
			proxyType = 1;
			remoteGlobalIDString = 79372A1A29FC1130004FE219;
			remoteInfo = Waves;
		};
		79372A3629FC1133004FE219 /* PBXContainerItemProxy */ = {
			isa = PBXContainerItemProxy;
			containerPortal = 79372A1329FC1130004FE219 /* Project object */;
			proxyType = 1;
			remoteGlobalIDString = 79372A1A29FC1130004FE219;
			remoteInfo = Waves;
		};
/* End PBXContainerItemProxy section */

/* Begin PBXFileReference section */
		79372A1B29FC1130004FE219 /* Waves.app */ = {isa = PBXFileReference; explicitFileType = wrapper.application; includeInIndex = 0; path = Waves.app; sourceTree = BUILT_PRODUCTS_DIR; };
		79372A1E29FC1130004FE219 /* WavesApp.swift */ = {isa = PBXFileReference; lastKnownFileType = sourcecode.swift; path = WavesApp.swift; sourceTree = "<group>"; };
		79372A2029FC1130004FE219 /* ContentView.swift */ = {isa = PBXFileReference; lastKnownFileType = sourcecode.swift; path = ContentView.swift; sourceTree = "<group>"; };
		79372A2229FC1132004FE219 /* Assets.xcassets */ = {isa = PBXFileReference; lastKnownFileType = folder.assetcatalog; path = Assets.xcassets; sourceTree = "<group>"; };
		79372A2529FC1132004FE219 /* Preview Assets.xcassets */ = {isa = PBXFileReference; lastKnownFileType = folder.assetcatalog; path = "Preview Assets.xcassets"; sourceTree = "<group>"; };
		79372A2B29FC1133004FE219 /* WavesTests.xctest */ = {isa = PBXFileReference; explicitFileType = wrapper.cfbundle; includeInIndex = 0; path = WavesTests.xctest; sourceTree = BUILT_PRODUCTS_DIR; };
		79372A2F29FC1133004FE219 /* WavesTests.swift */ = {isa = PBXFileReference; lastKnownFileType = sourcecode.swift; path = WavesTests.swift; sourceTree = "<group>"; };
		79372A3529FC1133004FE219 /* WavesUITests.xctest */ = {isa = PBXFileReference; explicitFileType = wrapper.cfbundle; includeInIndex = 0; path = WavesUITests.xctest; sourceTree = BUILT_PRODUCTS_DIR; };
		79372A3929FC1133004FE219 /* WavesUITests.swift */ = {isa = PBXFileReference; lastKnownFileType = sourcecode.swift; path = WavesUITests.swift; sourceTree = "<group>"; };
		79372A3B29FC1133004FE219 /* WavesUITestsLaunchTests.swift */ = {isa = PBXFileReference; lastKnownFileType = sourcecode.swift; path = WavesUITestsLaunchTests.swift; sourceTree = "<group>"; };
		79372A4829FC115F004FE219 /* Waves.entitlements */ = {isa = PBXFileReference; lastKnownFileType = text.plist.entitlements; path = Waves.entitlements; sourceTree = "<group>"; };
		79372A4929FC11BB004FE219 /* RenderView.swift */ = {isa = PBXFileReference; lastKnownFileType = sourcecode.swift; path = RenderView.swift; sourceTree = "<group>"; };
		79372A4B29FC1200004FE219 /* RenderViewController.swift */ = {isa = PBXFileReference; lastKnownFileType = sourcecode.swift; path = RenderViewController.swift; sourceTree = "<group>"; };
		79372A4D29FC1263004FE219 /* RenderDelegate.swift */ = {isa = PBXFileReference; lastKnownFileType = sourcecode.swift; path = RenderDelegate.swift; sourceTree = "<group>"; };
		79372A4F29FC1279004FE219 /* Renderer.swift */ = {isa = PBXFileReference; lastKnownFileType = sourcecode.swift; path = Renderer.swift; sourceTree = "<group>"; };
		79372A5129FC13FD004FE219 /* MetalView.swift */ = {isa = PBXFileReference; lastKnownFileType = sourcecode.swift; path = MetalView.swift; sourceTree = "<group>"; };
		79372A5329FC20A3004FE219 /* Errors.swift */ = {isa = PBXFileReference; lastKnownFileType = sourcecode.swift; path = Errors.swift; sourceTree = "<group>"; };
		79372A5529FC2472004FE219 /* Shaders.metal */ = {isa = PBXFileReference; lastKnownFileType = sourcecode.metal; path = Shaders.metal; sourceTree = "<group>"; };
		79372A5729FD6DC4004FE219 /* InputTexture.swift */ = {isa = PBXFileReference; lastKnownFileType = sourcecode.swift; path = InputTexture.swift; sourceTree = "<group>"; };
		79372A5929FD716E004FE219 /* Rectangle.swift */ = {isa = PBXFileReference; lastKnownFileType = sourcecode.swift; path = Rectangle.swift; sourceTree = "<group>"; };
/* End PBXFileReference section */

/* Begin PBXFrameworksBuildPhase section */
		79372A1829FC1130004FE219 /* Frameworks */ = {
			isa = PBXFrameworksBuildPhase;
			buildActionMask = 2147483647;
			files = (
			);
			runOnlyForDeploymentPostprocessing = 0;
		};
		79372A2829FC1133004FE219 /* Frameworks */ = {
			isa = PBXFrameworksBuildPhase;
			buildActionMask = 2147483647;
			files = (
			);
			runOnlyForDeploymentPostprocessing = 0;
		};
		79372A3229FC1133004FE219 /* Frameworks */ = {
			isa = PBXFrameworksBuildPhase;
			buildActionMask = 2147483647;
			files = (
			);
			runOnlyForDeploymentPostprocessing = 0;
		};
/* End PBXFrameworksBuildPhase section */

/* Begin PBXGroup section */
		79372A1229FC1130004FE219 = {
			isa = PBXGroup;
			children = (
				79372A1D29FC1130004FE219 /* Waves */,
				79372A2E29FC1133004FE219 /* WavesTests */,
				79372A3829FC1133004FE219 /* WavesUITests */,
				79372A1C29FC1130004FE219 /* Products */,
			);
			sourceTree = "<group>";
		};
		79372A1C29FC1130004FE219 /* Products */ = {
			isa = PBXGroup;
			children = (
				79372A1B29FC1130004FE219 /* Waves.app */,
				79372A2B29FC1133004FE219 /* WavesTests.xctest */,
				79372A3529FC1133004FE219 /* WavesUITests.xctest */,
			);
			name = Products;
			sourceTree = "<group>";
		};
		79372A1D29FC1130004FE219 /* Waves */ = {
			isa = PBXGroup;
			children = (
				79372A4829FC115F004FE219 /* Waves.entitlements */,
				79372A1E29FC1130004FE219 /* WavesApp.swift */,
				79372A2029FC1130004FE219 /* ContentView.swift */,
				79372A4929FC11BB004FE219 /* RenderView.swift */,
				79372A4B29FC1200004FE219 /* RenderViewController.swift */,
				79372A5129FC13FD004FE219 /* MetalView.swift */,
				79372A4D29FC1263004FE219 /* RenderDelegate.swift */,
				79372A4F29FC1279004FE219 /* Renderer.swift */,
				79372A5929FD716E004FE219 /* Rectangle.swift */,
				79372A5729FD6DC4004FE219 /* InputTexture.swift */,
				79372A5329FC20A3004FE219 /* Errors.swift */,
				79372A5529FC2472004FE219 /* Shaders.metal */,
				79372A2229FC1132004FE219 /* Assets.xcassets */,
				79372A2429FC1132004FE219 /* Preview Content */,
			);
			path = Waves;
			sourceTree = "<group>";
		};
		79372A2429FC1132004FE219 /* Preview Content */ = {
			isa = PBXGroup;
			children = (
				79372A2529FC1132004FE219 /* Preview Assets.xcassets */,
			);
			path = "Preview Content";
			sourceTree = "<group>";
		};
		79372A2E29FC1133004FE219 /* WavesTests */ = {
			isa = PBXGroup;
			children = (
				79372A2F29FC1133004FE219 /* WavesTests.swift */,
			);
			path = WavesTests;
			sourceTree = "<group>";
		};
		79372A3829FC1133004FE219 /* WavesUITests */ = {
			isa = PBXGroup;
			children = (
				79372A3929FC1133004FE219 /* WavesUITests.swift */,
				79372A3B29FC1133004FE219 /* WavesUITestsLaunchTests.swift */,
			);
			path = WavesUITests;
			sourceTree = "<group>";
		};
/* End PBXGroup section */

/* Begin PBXNativeTarget section */
		79372A1A29FC1130004FE219 /* Waves */ = {
			isa = PBXNativeTarget;
			buildConfigurationList = 79372A3F29FC1133004FE219 /* Build configuration list for PBXNativeTarget "Waves" */;
			buildPhases = (
				79372A1729FC1130004FE219 /* Sources */,
				79372A1829FC1130004FE219 /* Frameworks */,
				79372A1929FC1130004FE219 /* Resources */,
			);
			buildRules = (
			);
			dependencies = (
			);
			name = Waves;
			productName = Waves;
			productReference = 79372A1B29FC1130004FE219 /* Waves.app */;
			productType = "com.apple.product-type.application";
		};
		79372A2A29FC1133004FE219 /* WavesTests */ = {
			isa = PBXNativeTarget;
			buildConfigurationList = 79372A4229FC1133004FE219 /* Build configuration list for PBXNativeTarget "WavesTests" */;
			buildPhases = (
				79372A2729FC1133004FE219 /* Sources */,
				79372A2829FC1133004FE219 /* Frameworks */,
				79372A2929FC1133004FE219 /* Resources */,
			);
			buildRules = (
			);
			dependencies = (
				79372A2D29FC1133004FE219 /* PBXTargetDependency */,
			);
			name = WavesTests;
			productName = WavesTests;
			productReference = 79372A2B29FC1133004FE219 /* WavesTests.xctest */;
			productType = "com.apple.product-type.bundle.unit-test";
		};
		79372A3429FC1133004FE219 /* WavesUITests */ = {
			isa = PBXNativeTarget;
			buildConfigurationList = 79372A4529FC1133004FE219 /* Build configuration list for PBXNativeTarget "WavesUITests" */;
			buildPhases = (
				79372A3129FC1133004FE219 /* Sources */,
				79372A3229FC1133004FE219 /* Frameworks */,
				79372A3329FC1133004FE219 /* Resources */,
			);
			buildRules = (
			);
			dependencies = (
				79372A3729FC1133004FE219 /* PBXTargetDependency */,
			);
			name = WavesUITests;
			productName = WavesUITests;
			productReference = 79372A3529FC1133004FE219 /* WavesUITests.xctest */;
			productType = "com.apple.product-type.bundle.ui-testing";
		};
/* End PBXNativeTarget section */

/* Begin PBXProject section */
		79372A1329FC1130004FE219 /* Project object */ = {
			isa = PBXProject;
			attributes = {
				BuildIndependentTargetsInParallel = 1;
				LastSwiftUpdateCheck = 1430;
				LastUpgradeCheck = 1430;
				TargetAttributes = {
					79372A1A29FC1130004FE219 = {
						CreatedOnToolsVersion = 14.3;
					};
					79372A2A29FC1133004FE219 = {
						CreatedOnToolsVersion = 14.3;
						TestTargetID = 79372A1A29FC1130004FE219;
					};
					79372A3429FC1133004FE219 = {
						CreatedOnToolsVersion = 14.3;
						TestTargetID = 79372A1A29FC1130004FE219;
					};
				};
			};
			buildConfigurationList = 79372A1629FC1130004FE219 /* Build configuration list for PBXProject "Waves" */;
			compatibilityVersion = "Xcode 14.0";
			developmentRegion = en;
			hasScannedForEncodings = 0;
			knownRegions = (
				en,
				Base,
			);
			mainGroup = 79372A1229FC1130004FE219;
			productRefGroup = 79372A1C29FC1130004FE219 /* Products */;
			projectDirPath = "";
			projectRoot = "";
			targets = (
				79372A1A29FC1130004FE219 /* Waves */,
				79372A2A29FC1133004FE219 /* WavesTests */,
				79372A3429FC1133004FE219 /* WavesUITests */,
			);
		};
/* End PBXProject section */

/* Begin PBXResourcesBuildPhase section */
		79372A1929FC1130004FE219 /* Resources */ = {
			isa = PBXResourcesBuildPhase;
			buildActionMask = 2147483647;
			files = (
				79372A2629FC1132004FE219 /* Preview Assets.xcassets in Resources */,
				79372A2329FC1132004FE219 /* Assets.xcassets in Resources */,
			);
			runOnlyForDeploymentPostprocessing = 0;
		};
		79372A2929FC1133004FE219 /* Resources */ = {
			isa = PBXResourcesBuildPhase;
			buildActionMask = 2147483647;
			files = (
			);
			runOnlyForDeploymentPostprocessing = 0;
		};
		79372A3329FC1133004FE219 /* Resources */ = {
			isa = PBXResourcesBuildPhase;
			buildActionMask = 2147483647;
			files = (
			);
			runOnlyForDeploymentPostprocessing = 0;
		};
/* End PBXResourcesBuildPhase section */

/* Begin PBXSourcesBuildPhase section */
		79372A1729FC1130004FE219 /* Sources */ = {
			isa = PBXSourcesBuildPhase;
			buildActionMask = 2147483647;
			files = (
				79372A4C29FC1200004FE219 /* RenderViewController.swift in Sources */,
				79372A5229FC13FD004FE219 /* MetalView.swift in Sources */,
				79372A5829FD6DC4004FE219 /* InputTexture.swift in Sources */,
				79372A5A29FD716E004FE219 /* Rectangle.swift in Sources */,
				79372A2129FC1130004FE219 /* ContentView.swift in Sources */,
				79372A1F29FC1130004FE219 /* WavesApp.swift in Sources */,
				79372A5429FC20A3004FE219 /* Errors.swift in Sources */,
				79372A4A29FC11BB004FE219 /* RenderView.swift in Sources */,
				79372A5629FC2472004FE219 /* Shaders.metal in Sources */,
				79372A5029FC1279004FE219 /* Renderer.swift in Sources */,
				79372A4E29FC1263004FE219 /* RenderDelegate.swift in Sources */,
			);
			runOnlyForDeploymentPostprocessing = 0;
		};
		79372A2729FC1133004FE219 /* Sources */ = {
			isa = PBXSourcesBuildPhase;
			buildActionMask = 2147483647;
			files = (
				79372A3029FC1133004FE219 /* WavesTests.swift in Sources */,
			);
			runOnlyForDeploymentPostprocessing = 0;
		};
		79372A3129FC1133004FE219 /* Sources */ = {
			isa = PBXSourcesBuildPhase;
			buildActionMask = 2147483647;
			files = (
				79372A3A29FC1133004FE219 /* WavesUITests.swift in Sources */,
				79372A3C29FC1133004FE219 /* WavesUITestsLaunchTests.swift in Sources */,
			);
			runOnlyForDeploymentPostprocessing = 0;
		};
/* End PBXSourcesBuildPhase section */

/* Begin PBXTargetDependency section */
		79372A2D29FC1133004FE219 /* PBXTargetDependency */ = {
			isa = PBXTargetDependency;
			target = 79372A1A29FC1130004FE219 /* Waves */;
			targetProxy = 79372A2C29FC1133004FE219 /* PBXContainerItemProxy */;
		};
		79372A3729FC1133004FE219 /* PBXTargetDependency */ = {
			isa = PBXTargetDependency;
			target = 79372A1A29FC1130004FE219 /* Waves */;
			targetProxy = 79372A3629FC1133004FE219 /* PBXContainerItemProxy */;
		};
/* End PBXTargetDependency section */

/* Begin XCBuildConfiguration section */
		79372A3D29FC1133004FE219 /* Debug */ = {
			isa = XCBuildConfiguration;
			buildSettings = {
				ALWAYS_SEARCH_USER_PATHS = NO;
				CLANG_ANALYZER_NONNULL = YES;
				CLANG_ANALYZER_NUMBER_OBJECT_CONVERSION = YES_AGGRESSIVE;
				CLANG_CXX_LANGUAGE_STANDARD = "gnu++20";
				CLANG_ENABLE_MODULES = YES;
				CLANG_ENABLE_OBJC_ARC = YES;
				CLANG_ENABLE_OBJC_WEAK = YES;
				CLANG_WARN_BLOCK_CAPTURE_AUTORELEASING = YES;
				CLANG_WARN_BOOL_CONVERSION = YES;
				CLANG_WARN_COMMA = YES;
				CLANG_WARN_CONSTANT_CONVERSION = YES;
				CLANG_WARN_DEPRECATED_OBJC_IMPLEMENTATIONS = YES;
				CLANG_WARN_DIRECT_OBJC_ISA_USAGE = YES_ERROR;
				CLANG_WARN_DOCUMENTATION_COMMENTS = YES;
				CLANG_WARN_EMPTY_BODY = YES;
				CLANG_WARN_ENUM_CONVERSION = YES;
				CLANG_WARN_INFINITE_RECURSION = YES;
				CLANG_WARN_INT_CONVERSION = YES;
				CLANG_WARN_NON_LITERAL_NULL_CONVERSION = YES;
				CLANG_WARN_OBJC_IMPLICIT_RETAIN_SELF = YES;
				CLANG_WARN_OBJC_LITERAL_CONVERSION = YES;
				CLANG_WARN_OBJC_ROOT_CLASS = YES_ERROR;
				CLANG_WARN_QUOTED_INCLUDE_IN_FRAMEWORK_HEADER = YES;
				CLANG_WARN_RANGE_LOOP_ANALYSIS = YES;
				CLANG_WARN_STRICT_PROTOTYPES = YES;
				CLANG_WARN_SUSPICIOUS_MOVE = YES;
				CLANG_WARN_UNGUARDED_AVAILABILITY = YES_AGGRESSIVE;
				CLANG_WARN_UNREACHABLE_CODE = YES;
				CLANG_WARN__DUPLICATE_METHOD_MATCH = YES;
				COPY_PHASE_STRIP = NO;
				DEBUG_INFORMATION_FORMAT = dwarf;
				ENABLE_STRICT_OBJC_MSGSEND = YES;
				ENABLE_TESTABILITY = YES;
				GCC_C_LANGUAGE_STANDARD = gnu11;
				GCC_DYNAMIC_NO_PIC = NO;
				GCC_NO_COMMON_BLOCKS = YES;
				GCC_OPTIMIZATION_LEVEL = 0;
				GCC_PREPROCESSOR_DEFINITIONS = (
					"DEBUG=1",
					"$(inherited)",
				);
				GCC_WARN_64_TO_32_BIT_CONVERSION = YES;
				GCC_WARN_ABOUT_RETURN_TYPE = YES_ERROR;
				GCC_WARN_UNDECLARED_SELECTOR = YES;
				GCC_WARN_UNINITIALIZED_AUTOS = YES_AGGRESSIVE;
				GCC_WARN_UNUSED_FUNCTION = YES;
				GCC_WARN_UNUSED_VARIABLE = YES;
				IPHONEOS_DEPLOYMENT_TARGET = 16.4;
				MTL_ENABLE_DEBUG_INFO = INCLUDE_SOURCE;
				MTL_FAST_MATH = YES;
				ONLY_ACTIVE_ARCH = YES;
				SDKROOT = iphoneos;
				SWIFT_ACTIVE_COMPILATION_CONDITIONS = DEBUG;
				SWIFT_OPTIMIZATION_LEVEL = "-Onone";
			};
			name = Debug;
		};
		79372A3E29FC1133004FE219 /* Release */ = {
			isa = XCBuildConfiguration;
			buildSettings = {
				ALWAYS_SEARCH_USER_PATHS = NO;
				CLANG_ANALYZER_NONNULL = YES;
				CLANG_ANALYZER_NUMBER_OBJECT_CONVERSION = YES_AGGRESSIVE;
				CLANG_CXX_LANGUAGE_STANDARD = "gnu++20";
				CLANG_ENABLE_MODULES = YES;
				CLANG_ENABLE_OBJC_ARC = YES;
				CLANG_ENABLE_OBJC_WEAK = YES;
				CLANG_WARN_BLOCK_CAPTURE_AUTORELEASING = YES;
				CLANG_WARN_BOOL_CONVERSION = YES;
				CLANG_WARN_COMMA = YES;
				CLANG_WARN_CONSTANT_CONVERSION = YES;
				CLANG_WARN_DEPRECATED_OBJC_IMPLEMENTATIONS = YES;
				CLANG_WARN_DIRECT_OBJC_ISA_USAGE = YES_ERROR;
				CLANG_WARN_DOCUMENTATION_COMMENTS = YES;
				CLANG_WARN_EMPTY_BODY = YES;
				CLANG_WARN_ENUM_CONVERSION = YES;
				CLANG_WARN_INFINITE_RECURSION = YES;
				CLANG_WARN_INT_CONVERSION = YES;
				CLANG_WARN_NON_LITERAL_NULL_CONVERSION = YES;
				CLANG_WARN_OBJC_IMPLICIT_RETAIN_SELF = YES;
				CLANG_WARN_OBJC_LITERAL_CONVERSION = YES;
				CLANG_WARN_OBJC_ROOT_CLASS = YES_ERROR;
				CLANG_WARN_QUOTED_INCLUDE_IN_FRAMEWORK_HEADER = YES;
				CLANG_WARN_RANGE_LOOP_ANALYSIS = YES;
				CLANG_WARN_STRICT_PROTOTYPES = YES;
				CLANG_WARN_SUSPICIOUS_MOVE = YES;
				CLANG_WARN_UNGUARDED_AVAILABILITY = YES_AGGRESSIVE;
				CLANG_WARN_UNREACHABLE_CODE = YES;
				CLANG_WARN__DUPLICATE_METHOD_MATCH = YES;
				COPY_PHASE_STRIP = NO;
				DEBUG_INFORMATION_FORMAT = "dwarf-with-dsym";
				ENABLE_NS_ASSERTIONS = NO;
				ENABLE_STRICT_OBJC_MSGSEND = YES;
				GCC_C_LANGUAGE_STANDARD = gnu11;
				GCC_NO_COMMON_BLOCKS = YES;
				GCC_WARN_64_TO_32_BIT_CONVERSION = YES;
				GCC_WARN_ABOUT_RETURN_TYPE = YES_ERROR;
				GCC_WARN_UNDECLARED_SELECTOR = YES;
				GCC_WARN_UNINITIALIZED_AUTOS = YES_AGGRESSIVE;
				GCC_WARN_UNUSED_FUNCTION = YES;
				GCC_WARN_UNUSED_VARIABLE = YES;
				IPHONEOS_DEPLOYMENT_TARGET = 16.4;
				MTL_ENABLE_DEBUG_INFO = NO;
				MTL_FAST_MATH = YES;
				SDKROOT = iphoneos;
				SWIFT_COMPILATION_MODE = wholemodule;
				SWIFT_OPTIMIZATION_LEVEL = "-O";
				VALIDATE_PRODUCT = YES;
			};
			name = Release;
		};
		79372A4029FC1133004FE219 /* Debug */ = {
			isa = XCBuildConfiguration;
			buildSettings = {
				ASSETCATALOG_COMPILER_APPICON_NAME = AppIcon;
				ASSETCATALOG_COMPILER_GLOBAL_ACCENT_COLOR_NAME = AccentColor;
				CODE_SIGN_ENTITLEMENTS = Waves/Waves.entitlements;
				CODE_SIGN_STYLE = Automatic;
				CURRENT_PROJECT_VERSION = 1;
				DEVELOPMENT_ASSET_PATHS = "\"Waves/Preview Content\"";
				DEVELOPMENT_TEAM = N7MR48SV68;
				ENABLE_PREVIEWS = YES;
				GENERATE_INFOPLIST_FILE = YES;
				INFOPLIST_KEY_UIApplicationSceneManifest_Generation = YES;
				INFOPLIST_KEY_UIApplicationSupportsIndirectInputEvents = YES;
				INFOPLIST_KEY_UILaunchScreen_Generation = YES;
				INFOPLIST_KEY_UISupportedInterfaceOrientations_iPad = "UIInterfaceOrientationPortrait UIInterfaceOrientationPortraitUpsideDown UIInterfaceOrientationLandscapeLeft UIInterfaceOrientationLandscapeRight";
				INFOPLIST_KEY_UISupportedInterfaceOrientations_iPhone = "UIInterfaceOrientationPortrait UIInterfaceOrientationLandscapeLeft UIInterfaceOrientationLandscapeRight";
				LD_RUNPATH_SEARCH_PATHS = (
					"$(inherited)",
					"@executable_path/Frameworks",
				);
				MARKETING_VERSION = 1.0;
				PRODUCT_BUNDLE_IDENTIFIER = app.richardshields.Waves;
				PRODUCT_NAME = "$(TARGET_NAME)";
				SUPPORTED_PLATFORMS = "iphoneos iphonesimulator";
				SUPPORTS_MACCATALYST = YES;
				SUPPORTS_MAC_DESIGNED_FOR_IPHONE_IPAD = NO;
				SWIFT_EMIT_LOC_STRINGS = YES;
				SWIFT_VERSION = 5.0;
				TARGETED_DEVICE_FAMILY = "1,2";
			};
			name = Debug;
		};
		79372A4129FC1133004FE219 /* Release */ = {
			isa = XCBuildConfiguration;
			buildSettings = {
				ASSETCATALOG_COMPILER_APPICON_NAME = AppIcon;
				ASSETCATALOG_COMPILER_GLOBAL_ACCENT_COLOR_NAME = AccentColor;
				CODE_SIGN_ENTITLEMENTS = Waves/Waves.entitlements;
				CODE_SIGN_STYLE = Automatic;
				CURRENT_PROJECT_VERSION = 1;
				DEVELOPMENT_ASSET_PATHS = "\"Waves/Preview Content\"";
				DEVELOPMENT_TEAM = N7MR48SV68;
				ENABLE_PREVIEWS = YES;
				GENERATE_INFOPLIST_FILE = YES;
				INFOPLIST_KEY_UIApplicationSceneManifest_Generation = YES;
				INFOPLIST_KEY_UIApplicationSupportsIndirectInputEvents = YES;
				INFOPLIST_KEY_UILaunchScreen_Generation = YES;
				INFOPLIST_KEY_UISupportedInterfaceOrientations_iPad = "UIInterfaceOrientationPortrait UIInterfaceOrientationPortraitUpsideDown UIInterfaceOrientationLandscapeLeft UIInterfaceOrientationLandscapeRight";
				INFOPLIST_KEY_UISupportedInterfaceOrientations_iPhone = "UIInterfaceOrientationPortrait UIInterfaceOrientationLandscapeLeft UIInterfaceOrientationLandscapeRight";
				LD_RUNPATH_SEARCH_PATHS = (
					"$(inherited)",
					"@executable_path/Frameworks",
				);
				MARKETING_VERSION = 1.0;
				PRODUCT_BUNDLE_IDENTIFIER = app.richardshields.Waves;
				PRODUCT_NAME = "$(TARGET_NAME)";
				SUPPORTED_PLATFORMS = "iphoneos iphonesimulator";
				SUPPORTS_MACCATALYST = YES;
				SUPPORTS_MAC_DESIGNED_FOR_IPHONE_IPAD = NO;
				SWIFT_EMIT_LOC_STRINGS = YES;
				SWIFT_VERSION = 5.0;
				TARGETED_DEVICE_FAMILY = "1,2";
			};
			name = Release;
		};
		79372A4329FC1133004FE219 /* Debug */ = {
			isa = XCBuildConfiguration;
			buildSettings = {
				ALWAYS_EMBED_SWIFT_STANDARD_LIBRARIES = YES;
				BUNDLE_LOADER = "$(TEST_HOST)";
				CODE_SIGN_STYLE = Automatic;
				CURRENT_PROJECT_VERSION = 1;
				DEVELOPMENT_TEAM = N7MR48SV68;
				GENERATE_INFOPLIST_FILE = YES;
				IPHONEOS_DEPLOYMENT_TARGET = 16.4;
				MARKETING_VERSION = 1.0;
				PRODUCT_BUNDLE_IDENTIFIER = app.richardshields.WavesTests;
				PRODUCT_NAME = "$(TARGET_NAME)";
				SWIFT_EMIT_LOC_STRINGS = NO;
				SWIFT_VERSION = 5.0;
				TARGETED_DEVICE_FAMILY = "1,2";
				TEST_HOST = "$(BUILT_PRODUCTS_DIR)/Waves.app/$(BUNDLE_EXECUTABLE_FOLDER_PATH)/Waves";
			};
			name = Debug;
		};
		79372A4429FC1133004FE219 /* Release */ = {
			isa = XCBuildConfiguration;
			buildSettings = {
				ALWAYS_EMBED_SWIFT_STANDARD_LIBRARIES = YES;
				BUNDLE_LOADER = "$(TEST_HOST)";
				CODE_SIGN_STYLE = Automatic;
				CURRENT_PROJECT_VERSION = 1;
				DEVELOPMENT_TEAM = N7MR48SV68;
				GENERATE_INFOPLIST_FILE = YES;
				IPHONEOS_DEPLOYMENT_TARGET = 16.4;
				MARKETING_VERSION = 1.0;
				PRODUCT_BUNDLE_IDENTIFIER = app.richardshields.WavesTests;
				PRODUCT_NAME = "$(TARGET_NAME)";
				SWIFT_EMIT_LOC_STRINGS = NO;
				SWIFT_VERSION = 5.0;
				TARGETED_DEVICE_FAMILY = "1,2";
				TEST_HOST = "$(BUILT_PRODUCTS_DIR)/Waves.app/$(BUNDLE_EXECUTABLE_FOLDER_PATH)/Waves";
			};
			name = Release;
		};
		79372A4629FC1133004FE219 /* Debug */ = {
			isa = XCBuildConfiguration;
			buildSettings = {
				ALWAYS_EMBED_SWIFT_STANDARD_LIBRARIES = YES;
				CODE_SIGN_STYLE = Automatic;
				CURRENT_PROJECT_VERSION = 1;
				DEVELOPMENT_TEAM = N7MR48SV68;
				GENERATE_INFOPLIST_FILE = YES;
				MARKETING_VERSION = 1.0;
				PRODUCT_BUNDLE_IDENTIFIER = app.richardshields.WavesUITests;
				PRODUCT_NAME = "$(TARGET_NAME)";
				SWIFT_EMIT_LOC_STRINGS = NO;
				SWIFT_VERSION = 5.0;
				TARGETED_DEVICE_FAMILY = "1,2";
				TEST_TARGET_NAME = Waves;
			};
			name = Debug;
		};
		79372A4729FC1133004FE219 /* Release */ = {
			isa = XCBuildConfiguration;
			buildSettings = {
				ALWAYS_EMBED_SWIFT_STANDARD_LIBRARIES = YES;
				CODE_SIGN_STYLE = Automatic;
				CURRENT_PROJECT_VERSION = 1;
				DEVELOPMENT_TEAM = N7MR48SV68;
				GENERATE_INFOPLIST_FILE = YES;
				MARKETING_VERSION = 1.0;
				PRODUCT_BUNDLE_IDENTIFIER = app.richardshields.WavesUITests;
				PRODUCT_NAME = "$(TARGET_NAME)";
				SWIFT_EMIT_LOC_STRINGS = NO;
				SWIFT_VERSION = 5.0;
				TARGETED_DEVICE_FAMILY = "1,2";
				TEST_TARGET_NAME = Waves;
			};
			name = Release;
		};
/* End XCBuildConfiguration section */

/* Begin XCConfigurationList section */
		79372A1629FC1130004FE219 /* Build configuration list for PBXProject "Waves" */ = {
			isa = XCConfigurationList;
			buildConfigurations = (
				79372A3D29FC1133004FE219 /* Debug */,
				79372A3E29FC1133004FE219 /* Release */,
			);
			defaultConfigurationIsVisible = 0;
			defaultConfigurationName = Release;
		};
		79372A3F29FC1133004FE219 /* Build configuration list for PBXNativeTarget "Waves" */ = {
			isa = XCConfigurationList;
			buildConfigurations = (
				79372A4029FC1133004FE219 /* Debug */,
				79372A4129FC1133004FE219 /* Release */,
			);
			defaultConfigurationIsVisible = 0;
			defaultConfigurationName = Release;
		};
		79372A4229FC1133004FE219 /* Build configuration list for PBXNativeTarget "WavesTests" */ = {
			isa = XCConfigurationList;
			buildConfigurations = (
				79372A4329FC1133004FE219 /* Debug */,
				79372A4429FC1133004FE219 /* Release */,
			);
			defaultConfigurationIsVisible = 0;
			defaultConfigurationName = Release;
		};
		79372A4529FC1133004FE219 /* Build configuration list for PBXNativeTarget "WavesUITests" */ = {
			isa = XCConfigurationList;
			buildConfigurations = (
				79372A4629FC1133004FE219 /* Debug */,
				79372A4729FC1133004FE219 /* Release */,
			);
			defaultConfigurationIsVisible = 0;
			defaultConfigurationName = Release;
		};
/* End XCConfigurationList section */
	};
	rootObject = 79372A1329FC1130004FE219 /* Project object */;
}
